{
  "name": "marfan-crew-2-1-5-repaired-production",
  "version": "2.1.5",
  "lockfileVersion": 3,
  "requires": true,
  "packages": {
    "": {
      "name": "marfan-crew-2-1-5-repaired-production",
      "version": "2.1.5",
      "dependencies": {},
      "engines": {
        "node": ">=18"
      }
    }
  }
}